
Microsoft Visual Studio Solution File, Format Version 12.00
# Visual Studio Version 17
VisualStudioVersion = 17.2.32630.192
MinimumVisualStudioVersion = 10.0.40219.1
Project("{FAE04EC0-301F-11D3-BF4B-00C04F79EFBC}") = "WindowsFormsApp5", "WindowsFormsApp5\WindowsFormsApp5.csproj", "{96FF429F-6B3E-483B-9A92-36684E53BFF0}"
EndProject
Global
	GlobalSection(SolutionConfigurationPlatforms) = preSolution
		Debug|Any CPU = Debug|Any CPU
		Release|Any CPU = Release|Any CPU
	EndGlobalSection
	GlobalSection(ProjectConfigurationPlatforms) = postSolution
		{96FF429F-6B3E-483B-9A92-36684E53BFF0}.Debug|Any CPU.ActiveCfg = Debug|Any CPU
		{96FF429F-6B3E-483B-9A92-36684E53BFF0}.Debug|Any CPU.Build.0 = Debug|Any CPU
		{96FF429F-6B3E-483B-9A92-36684E53BFF0}.Release|Any CPU.ActiveCfg = Release|Any CPU
		{96FF429F-6B3E-483B-9A92-36684E53BFF0}.Release|Any CPU.Build.0 = Release|Any CPU
	EndGlobalSection
	GlobalSection(SolutionProperties) = preSolution
		HideSolutionNode = FALSE
	EndGlobalSection
	GlobalSection(ExtensibilityGlobals) = postSolution
		SolutionGuid = {3D75195F-A9D9-476F-AAD6-45CBAEB9F6C8}
	EndGlobalSection
EndGlobal
